// !$*UTF8*$!
{
	archiveVersion = 1;
	classes = {
	};
	objectVersion = 56;
	objects = {

/* Begin PBXBuildFile section */
		3E7453C12D68F2AA00D1647D /* TaroTaskApp.swift in Sources */ = {isa = PBXBuildFile; fileRef = 3E7453C02D68F2AA00D1647D /* TaroTaskApp.swift */; };
		3E7453C32D68F2AA00D1647D /* ContentView.swift in Sources */ = {isa = PBXBuildFile; fileRef = 3E7453C22D68F2AA00D1647D /* ContentView.swift */; };
		3E7453C52D68F2AC00D1647D /* Assets.xcassets in Resources */ = {isa = PBXBuildFile; fileRef = 3E7453C42D68F2AC00D1647D /* Assets.xcassets */; };
		3E7453C82D68F2AC00D1647D /* Preview Assets.xcassets in Resources */ = {isa = PBXBuildFile; fileRef = 3E7453C72D68F2AC00D1647D /* Preview Assets.xcassets */; };
		3E7453CF2D68F42300D1647D /* HomeView.swift in Sources */ = {isa = PBXBuildFile; fileRef = 3E7453CE2D68F42300D1647D /* HomeView.swift */; };
		3E7453D12D68F45600D1647D /* DeckEditView.swift in Sources */ = {isa = PBXBuildFile; fileRef = 3E7453D02D68F45600D1647D /* DeckEditView.swift */; };
		3E7453D72D68F54D00D1647D /* DeskImageView.swift in Sources */ = {isa = PBXBuildFile; fileRef = 3E7453D62D68F54D00D1647D /* DeskImageView.swift */; };
		3E7453D92D68F56900D1647D /* TaskGeneratedView.swift in Sources */ = {isa = PBXBuildFile; fileRef = 3E7453D82D68F56900D1647D /* TaskGeneratedView.swift */; };
		3E7453DB2D68F57500D1647D /* ClipboardView.swift in Sources */ = {isa = PBXBuildFile; fileRef = 3E7453DA2D68F57500D1647D /* ClipboardView.swift */; };
		3E7453DF2D68F5B100D1647D /* Constants.swift in Sources */ = {isa = PBXBuildFile; fileRef = 3E7453DE2D68F5B100D1647D /* Constants.swift */; };
		3E7453E12D68F5DB00D1647D /* PetView.swift in Sources */ = {isa = PBXBuildFile; fileRef = 3E7453E02D68F5DB00D1647D /* PetView.swift */; };
		3E7453E52D6E553300D1647D /* CardObjectView.swift in Sources */ = {isa = PBXBuildFile; fileRef = 3E7453E42D6E553300D1647D /* CardObjectView.swift */; };
		5289E4D22D70DEE1002FA858 /* CardObject.swift in Sources */ = {isa = PBXBuildFile; fileRef = 5289E4D12D70DEE1002FA858 /* CardObject.swift */; };
		5289E4D42D78C675002FA858 /* DeckObject.swift in Sources */ = {isa = PBXBuildFile; fileRef = 5289E4D32D78C675002FA858 /* DeckObject.swift */; };
/* End PBXBuildFile section */

/* Begin PBXFileReference section */
		3E7453BD2D68F2AA00D1647D /* TaroTask.app */ = {isa = PBXFileReference; explicitFileType = wrapper.application; includeInIndex = 0; path = TaroTask.app; sourceTree = BUILT_PRODUCTS_DIR; };
		3E7453C02D68F2AA00D1647D /* TaroTaskApp.swift */ = {isa = PBXFileReference; lastKnownFileType = sourcecode.swift; path = TaroTaskApp.swift; sourceTree = "<group>"; };
		3E7453C22D68F2AA00D1647D /* ContentView.swift */ = {isa = PBXFileReference; lastKnownFileType = sourcecode.swift; path = ContentView.swift; sourceTree = "<group>"; };
		3E7453C42D68F2AC00D1647D /* Assets.xcassets */ = {isa = PBXFileReference; lastKnownFileType = folder.assetcatalog; path = Assets.xcassets; sourceTree = "<group>"; };
		3E7453C72D68F2AC00D1647D /* Preview Assets.xcassets */ = {isa = PBXFileReference; lastKnownFileType = folder.assetcatalog; path = "Preview Assets.xcassets"; sourceTree = "<group>"; };
		3E7453CE2D68F42300D1647D /* HomeView.swift */ = {isa = PBXFileReference; lastKnownFileType = sourcecode.swift; path = HomeView.swift; sourceTree = "<group>"; };
		3E7453D02D68F45600D1647D /* DeckEditView.swift */ = {isa = PBXFileReference; lastKnownFileType = sourcecode.swift; path = DeckEditView.swift; sourceTree = "<group>"; };
		3E7453D62D68F54D00D1647D /* DeskImageView.swift */ = {isa = PBXFileReference; lastKnownFileType = sourcecode.swift; path = DeskImageView.swift; sourceTree = "<group>"; };
		3E7453D82D68F56900D1647D /* TaskGeneratedView.swift */ = {isa = PBXFileReference; lastKnownFileType = sourcecode.swift; path = TaskGeneratedView.swift; sourceTree = "<group>"; };
		3E7453DA2D68F57500D1647D /* ClipboardView.swift */ = {isa = PBXFileReference; lastKnownFileType = sourcecode.swift; path = ClipboardView.swift; sourceTree = "<group>"; };
		3E7453DE2D68F5B100D1647D /* Constants.swift */ = {isa = PBXFileReference; lastKnownFileType = sourcecode.swift; path = Constants.swift; sourceTree = "<group>"; };
		3E7453E02D68F5DB00D1647D /* PetView.swift */ = {isa = PBXFileReference; lastKnownFileType = sourcecode.swift; path = PetView.swift; sourceTree = "<group>"; };
		3E7453E42D6E553300D1647D /* CardObjectView.swift */ = {isa = PBXFileReference; lastKnownFileType = sourcecode.swift; path = CardObjectView.swift; sourceTree = "<group>"; };
		5289E4D12D70DEE1002FA858 /* CardObject.swift */ = {isa = PBXFileReference; lastKnownFileType = sourcecode.swift; path = CardObject.swift; sourceTree = "<group>"; };
		5289E4D32D78C675002FA858 /* DeckObject.swift */ = {isa = PBXFileReference; lastKnownFileType = sourcecode.swift; path = DeckObject.swift; sourceTree = SOURCE_ROOT; };
/* End PBXFileReference section */

/* Begin PBXFrameworksBuildPhase section */
		3E7453BA2D68F2AA00D1647D /* Frameworks */ = {
			isa = PBXFrameworksBuildPhase;
			buildActionMask = 2147483647;
			files = (
			);
			runOnlyForDeploymentPostprocessing = 0;
		};
/* End PBXFrameworksBuildPhase section */

/* Begin PBXGroup section */
		3E7453B42D68F2AA00D1647D = {
			isa = PBXGroup;
			children = (
				3E7453BF2D68F2AA00D1647D /* TaroTask */,
				3E7453BE2D68F2AA00D1647D /* Products */,
			);
			sourceTree = "<group>";
		};
		3E7453BE2D68F2AA00D1647D /* Products */ = {
			isa = PBXGroup;
			children = (
				3E7453BD2D68F2AA00D1647D /* TaroTask.app */,
			);
			name = Products;
			sourceTree = "<group>";
		};
		3E7453BF2D68F2AA00D1647D /* TaroTask */ = {
			isa = PBXGroup;
			children = (
				3E7453C02D68F2AA00D1647D /* TaroTaskApp.swift */,
				3E7453DE2D68F5B100D1647D /* Constants.swift */,
				3E7453C22D68F2AA00D1647D /* ContentView.swift */,
				3E7453DD2D68F58C00D1647D /* Views */,
				3E7453C42D68F2AC00D1647D /* Assets.xcassets */,
				3E7453C62D68F2AC00D1647D /* Preview Content */,
			);
			path = TaroTask;
			sourceTree = "<group>";
		};
		3E7453C62D68F2AC00D1647D /* Preview Content */ = {
			isa = PBXGroup;
			children = (
				3E7453C72D68F2AC00D1647D /* Preview Assets.xcassets */,
			);
			path = "Preview Content";
			sourceTree = "<group>";
		};
		3E7453DD2D68F58C00D1647D /* Views */ = {
			isa = PBXGroup;
			children = (
				3E7453CE2D68F42300D1647D /* HomeView.swift */,
				3E7453D02D68F45600D1647D /* DeckEditView.swift */,
				3E7453D62D68F54D00D1647D /* DeskImageView.swift */,
				3E7453D82D68F56900D1647D /* TaskGeneratedView.swift */,
				3E7453DA2D68F57500D1647D /* ClipboardView.swift */,
				3E7453E02D68F5DB00D1647D /* PetView.swift */,
				3E7453E42D6E553300D1647D /* CardObjectView.swift */,
				5289E4D12D70DEE1002FA858 /* CardObject.swift */,
				5289E4D32D78C675002FA858 /* DeckObject.swift */,
			);
			path = Views;
			sourceTree = "<group>";
		};
/* End PBXGroup section */

/* Begin PBXNativeTarget section */
		3E7453BC2D68F2AA00D1647D /* TaroTask */ = {
			isa = PBXNativeTarget;
			buildConfigurationList = 3E7453CB2D68F2AC00D1647D /* Build configuration list for PBXNativeTarget "TaroTask" */;
			buildPhases = (
				3E7453B92D68F2AA00D1647D /* Sources */,
				3E7453BA2D68F2AA00D1647D /* Frameworks */,
				3E7453BB2D68F2AA00D1647D /* Resources */,
			);
			buildRules = (
			);
			dependencies = (
			);
			name = TaroTask;
			productName = TaroTask;
			productReference = 3E7453BD2D68F2AA00D1647D /* TaroTask.app */;
			productType = "com.apple.product-type.application";
		};
/* End PBXNativeTarget section */

/* Begin PBXProject section */
		3E7453B52D68F2AA00D1647D /* Project object */ = {
			isa = PBXProject;
			attributes = {
				BuildIndependentTargetsInParallel = 1;
				LastSwiftUpdateCheck = 1540;
				LastUpgradeCheck = 1540;
				TargetAttributes = {
					3E7453BC2D68F2AA00D1647D = {
						CreatedOnToolsVersion = 15.4;
					};
				};
			};
			buildConfigurationList = 3E7453B82D68F2AA00D1647D /* Build configuration list for PBXProject "TaroTask" */;
			compatibilityVersion = "Xcode 14.0";
			developmentRegion = en;
			hasScannedForEncodings = 0;
			knownRegions = (
				en,
				Base,
			);
			mainGroup = 3E7453B42D68F2AA00D1647D;
			productRefGroup = 3E7453BE2D68F2AA00D1647D /* Products */;
			projectDirPath = "";
			projectRoot = "";
			targets = (
				3E7453BC2D68F2AA00D1647D /* TaroTask */,
			);
		};
/* End PBXProject section */

/* Begin PBXResourcesBuildPhase section */
		3E7453BB2D68F2AA00D1647D /* Resources */ = {
			isa = PBXResourcesBuildPhase;
			buildActionMask = 2147483647;
			files = (
				3E7453C82D68F2AC00D1647D /* Preview Assets.xcassets in Resources */,
				3E7453C52D68F2AC00D1647D /* Assets.xcassets in Resources */,
			);
			runOnlyForDeploymentPostprocessing = 0;
		};
/* End PBXResourcesBuildPhase section */

/* Begin PBXSourcesBuildPhase section */
		3E7453B92D68F2AA00D1647D /* Sources */ = {
			isa = PBXSourcesBuildPhase;
			buildActionMask = 2147483647;
			files = (
				3E7453E52D6E553300D1647D /* CardObjectView.swift in Sources */,
				3E7453CF2D68F42300D1647D /* HomeView.swift in Sources */,
				3E7453D92D68F56900D1647D /* TaskGeneratedView.swift in Sources */,
				5289E4D22D70DEE1002FA858 /* CardObject.swift in Sources */,
				3E7453C32D68F2AA00D1647D /* ContentView.swift in Sources */,
				5289E4D42D78C675002FA858 /* DeckObject.swift in Sources */,
				3E7453E12D68F5DB00D1647D /* PetView.swift in Sources */,
				3E7453D72D68F54D00D1647D /* DeskImageView.swift in Sources */,
				3E7453C12D68F2AA00D1647D /* TaroTaskApp.swift in Sources */,
				3E7453D12D68F45600D1647D /* DeckEditView.swift in Sources */,
				3E7453DB2D68F57500D1647D /* ClipboardView.swift in Sources */,
				3E7453DF2D68F5B100D1647D /* Constants.swift in Sources */,
			);
			runOnlyForDeploymentPostprocessing = 0;
		};
/* End PBXSourcesBuildPhase section */

/* Begin XCBuildConfiguration section */
		3E7453C92D68F2AC00D1647D /* Debug */ = {
			isa = XCBuildConfiguration;
			buildSettings = {
				ALWAYS_SEARCH_USER_PATHS = NO;
				ASSETCATALOG_COMPILER_GENERATE_SWIFT_ASSET_SYMBOL_EXTENSIONS = YES;
				CLANG_ANALYZER_NONNULL = YES;
				CLANG_ANALYZER_NUMBER_OBJECT_CONVERSION = YES_AGGRESSIVE;
				CLANG_CXX_LANGUAGE_STANDARD = "gnu++20";
				CLANG_ENABLE_MODULES = YES;
				CLANG_ENABLE_OBJC_ARC = YES;
				CLANG_ENABLE_OBJC_WEAK = YES;
				CLANG_WARN_BLOCK_CAPTURE_AUTORELEASING = YES;
				CLANG_WARN_BOOL_CONVERSION = YES;
				CLANG_WARN_COMMA = YES;
				CLANG_WARN_CONSTANT_CONVERSION = YES;
				CLANG_WARN_DEPRECATED_OBJC_IMPLEMENTATIONS = YES;
				CLANG_WARN_DIRECT_OBJC_ISA_USAGE = YES_ERROR;
				CLANG_WARN_DOCUMENTATION_COMMENTS = YES;
				CLANG_WARN_EMPTY_BODY = YES;
				CLANG_WARN_ENUM_CONVERSION = YES;
				CLANG_WARN_INFINITE_RECURSION = YES;
				CLANG_WARN_INT_CONVERSION = YES;
				CLANG_WARN_NON_LITERAL_NULL_CONVERSION = YES;
				CLANG_WARN_OBJC_IMPLICIT_RETAIN_SELF = YES;
				CLANG_WARN_OBJC_LITERAL_CONVERSION = YES;
				CLANG_WARN_OBJC_ROOT_CLASS = YES_ERROR;
				CLANG_WARN_QUOTED_INCLUDE_IN_FRAMEWORK_HEADER = YES;
				CLANG_WARN_RANGE_LOOP_ANALYSIS = YES;
				CLANG_WARN_STRICT_PROTOTYPES = YES;
				CLANG_WARN_SUSPICIOUS_MOVE = YES;
				CLANG_WARN_UNGUARDED_AVAILABILITY = YES_AGGRESSIVE;
				CLANG_WARN_UNREACHABLE_CODE = YES;
				CLANG_WARN__DUPLICATE_METHOD_MATCH = YES;
				COPY_PHASE_STRIP = NO;
				DEBUG_INFORMATION_FORMAT = dwarf;
				ENABLE_STRICT_OBJC_MSGSEND = YES;
				ENABLE_TESTABILITY = YES;
				ENABLE_USER_SCRIPT_SANDBOXING = YES;
				GCC_C_LANGUAGE_STANDARD = gnu17;
				GCC_DYNAMIC_NO_PIC = NO;
				GCC_NO_COMMON_BLOCKS = YES;
				GCC_OPTIMIZATION_LEVEL = 0;
				GCC_PREPROCESSOR_DEFINITIONS = (
					"DEBUG=1",
					"$(inherited)",
				);
				GCC_WARN_64_TO_32_BIT_CONVERSION = YES;
				GCC_WARN_ABOUT_RETURN_TYPE = YES_ERROR;
				GCC_WARN_UNDECLARED_SELECTOR = YES;
				GCC_WARN_UNINITIALIZED_AUTOS = YES_AGGRESSIVE;
				GCC_WARN_UNUSED_FUNCTION = YES;
				GCC_WARN_UNUSED_VARIABLE = YES;
				IPHONEOS_DEPLOYMENT_TARGET = 17.5;
				LOCALIZATION_PREFERS_STRING_CATALOGS = YES;
				MTL_ENABLE_DEBUG_INFO = INCLUDE_SOURCE;
				MTL_FAST_MATH = YES;
				ONLY_ACTIVE_ARCH = YES;
				SDKROOT = iphoneos;
				SWIFT_ACTIVE_COMPILATION_CONDITIONS = "DEBUG $(inherited)";
				SWIFT_OPTIMIZATION_LEVEL = "-Onone";
			};
			name = Debug;
		};
		3E7453CA2D68F2AC00D1647D /* Release */ = {
			isa = XCBuildConfiguration;
			buildSettings = {
				ALWAYS_SEARCH_USER_PATHS = NO;
				ASSETCATALOG_COMPILER_GENERATE_SWIFT_ASSET_SYMBOL_EXTENSIONS = YES;
				CLANG_ANALYZER_NONNULL = YES;
				CLANG_ANALYZER_NUMBER_OBJECT_CONVERSION = YES_AGGRESSIVE;
				CLANG_CXX_LANGUAGE_STANDARD = "gnu++20";
				CLANG_ENABLE_MODULES = YES;
				CLANG_ENABLE_OBJC_ARC = YES;
				CLANG_ENABLE_OBJC_WEAK = YES;
				CLANG_WARN_BLOCK_CAPTURE_AUTORELEASING = YES;
				CLANG_WARN_BOOL_CONVERSION = YES;
				CLANG_WARN_COMMA = YES;
				CLANG_WARN_CONSTANT_CONVERSION = YES;
				CLANG_WARN_DEPRECATED_OBJC_IMPLEMENTATIONS = YES;
				CLANG_WARN_DIRECT_OBJC_ISA_USAGE = YES_ERROR;
				CLANG_WARN_DOCUMENTATION_COMMENTS = YES;
				CLANG_WARN_EMPTY_BODY = YES;
				CLANG_WARN_ENUM_CONVERSION = YES;
				CLANG_WARN_INFINITE_RECURSION = YES;
				CLANG_WARN_INT_CONVERSION = YES;
				CLANG_WARN_NON_LITERAL_NULL_CONVERSION = YES;
				CLANG_WARN_OBJC_IMPLICIT_RETAIN_SELF = YES;
				CLANG_WARN_OBJC_LITERAL_CONVERSION = YES;
				CLANG_WARN_OBJC_ROOT_CLASS = YES_ERROR;
				CLANG_WARN_QUOTED_INCLUDE_IN_FRAMEWORK_HEADER = YES;
				CLANG_WARN_RANGE_LOOP_ANALYSIS = YES;
				CLANG_WARN_STRICT_PROTOTYPES = YES;
				CLANG_WARN_SUSPICIOUS_MOVE = YES;
				CLANG_WARN_UNGUARDED_AVAILABILITY = YES_AGGRESSIVE;
				CLANG_WARN_UNREACHABLE_CODE = YES;
				CLANG_WARN__DUPLICATE_METHOD_MATCH = YES;
				COPY_PHASE_STRIP = NO;
				DEBUG_INFORMATION_FORMAT = "dwarf-with-dsym";
				ENABLE_NS_ASSERTIONS = NO;
				ENABLE_STRICT_OBJC_MSGSEND = YES;
				ENABLE_USER_SCRIPT_SANDBOXING = YES;
				GCC_C_LANGUAGE_STANDARD = gnu17;
				GCC_NO_COMMON_BLOCKS = YES;
				GCC_WARN_64_TO_32_BIT_CONVERSION = YES;
				GCC_WARN_ABOUT_RETURN_TYPE = YES_ERROR;
				GCC_WARN_UNDECLARED_SELECTOR = YES;
				GCC_WARN_UNINITIALIZED_AUTOS = YES_AGGRESSIVE;
				GCC_WARN_UNUSED_FUNCTION = YES;
				GCC_WARN_UNUSED_VARIABLE = YES;
				IPHONEOS_DEPLOYMENT_TARGET = 17.5;
				LOCALIZATION_PREFERS_STRING_CATALOGS = YES;
				MTL_ENABLE_DEBUG_INFO = NO;
				MTL_FAST_MATH = YES;
				SDKROOT = iphoneos;
				SWIFT_COMPILATION_MODE = wholemodule;
				VALIDATE_PRODUCT = YES;
			};
			name = Release;
		};
		3E7453CC2D68F2AC00D1647D /* Debug */ = {
			isa = XCBuildConfiguration;
			buildSettings = {
				ASSETCATALOG_COMPILER_APPICON_NAME = AppIcon;
				ASSETCATALOG_COMPILER_GLOBAL_ACCENT_COLOR_NAME = AccentColor;
				CODE_SIGN_STYLE = Automatic;
				CURRENT_PROJECT_VERSION = 1;
				DEVELOPMENT_ASSET_PATHS = "\"TaroTask/Preview Content\"";
				ENABLE_PREVIEWS = YES;
				GENERATE_INFOPLIST_FILE = YES;
				INFOPLIST_KEY_UIApplicationSceneManifest_Generation = YES;
				INFOPLIST_KEY_UIApplicationSupportsIndirectInputEvents = YES;
				INFOPLIST_KEY_UILaunchScreen_Generation = YES;
				INFOPLIST_KEY_UISupportedInterfaceOrientations_iPad = "UIInterfaceOrientationPortrait UIInterfaceOrientationPortraitUpsideDown UIInterfaceOrientationLandscapeLeft UIInterfaceOrientationLandscapeRight";
				INFOPLIST_KEY_UISupportedInterfaceOrientations_iPhone = "UIInterfaceOrientationPortrait UIInterfaceOrientationLandscapeLeft UIInterfaceOrientationLandscapeRight";
				LD_RUNPATH_SEARCH_PATHS = (
					"$(inherited)",
					"@executable_path/Frameworks",
				);
				MARKETING_VERSION = 1.0;
				PRODUCT_BUNDLE_IDENTIFIER = TaroBunTask.TaroTask;
				PRODUCT_NAME = "$(TARGET_NAME)";
				SWIFT_EMIT_LOC_STRINGS = YES;
				SWIFT_VERSION = 5.0;
				TARGETED_DEVICE_FAMILY = "1,2";
			};
			name = Debug;
		};
		3E7453CD2D68F2AC00D1647D /* Release */ = {
			isa = XCBuildConfiguration;
			buildSettings = {
				ASSETCATALOG_COMPILER_APPICON_NAME = AppIcon;
				ASSETCATALOG_COMPILER_GLOBAL_ACCENT_COLOR_NAME = AccentColor;
				CODE_SIGN_STYLE = Automatic;
				CURRENT_PROJECT_VERSION = 1;
				DEVELOPMENT_ASSET_PATHS = "\"TaroTask/Preview Content\"";
				ENABLE_PREVIEWS = YES;
				GENERATE_INFOPLIST_FILE = YES;
				INFOPLIST_KEY_UIApplicationSceneManifest_Generation = YES;
				INFOPLIST_KEY_UIApplicationSupportsIndirectInputEvents = YES;
				INFOPLIST_KEY_UILaunchScreen_Generation = YES;
				INFOPLIST_KEY_UISupportedInterfaceOrientations_iPad = "UIInterfaceOrientationPortrait UIInterfaceOrientationPortraitUpsideDown UIInterfaceOrientationLandscapeLeft UIInterfaceOrientationLandscapeRight";
				INFOPLIST_KEY_UISupportedInterfaceOrientations_iPhone = "UIInterfaceOrientationPortrait UIInterfaceOrientationLandscapeLeft UIInterfaceOrientationLandscapeRight";
				LD_RUNPATH_SEARCH_PATHS = (
					"$(inherited)",
					"@executable_path/Frameworks",
				);
				MARKETING_VERSION = 1.0;
				PRODUCT_BUNDLE_IDENTIFIER = TaroBunTask.TaroTask;
				PRODUCT_NAME = "$(TARGET_NAME)";
				SWIFT_EMIT_LOC_STRINGS = YES;
				SWIFT_VERSION = 5.0;
				TARGETED_DEVICE_FAMILY = "1,2";
			};
			name = Release;
		};
/* End XCBuildConfiguration section */

/* Begin XCConfigurationList section */
		3E7453B82D68F2AA00D1647D /* Build configuration list for PBXProject "TaroTask" */ = {
			isa = XCConfigurationList;
			buildConfigurations = (
				3E7453C92D68F2AC00D1647D /* Debug */,
				3E7453CA2D68F2AC00D1647D /* Release */,
			);
			defaultConfigurationIsVisible = 0;
			defaultConfigurationName = Release;
		};
		3E7453CB2D68F2AC00D1647D /* Build configuration list for PBXNativeTarget "TaroTask" */ = {
			isa = XCConfigurationList;
			buildConfigurations = (
				3E7453CC2D68F2AC00D1647D /* Debug */,
				3E7453CD2D68F2AC00D1647D /* Release */,
			);
			defaultConfigurationIsVisible = 0;
			defaultConfigurationName = Release;
		};
/* End XCConfigurationList section */
	};
	rootObject = 3E7453B52D68F2AA00D1647D /* Project object */;
}
